{
  "nodes": {
    "evmc": {
      "flake": false,
      "locked": {
        "lastModified": 1711484129,
        "narHash": "sha256-yqEbtRA4GiQ/pjaH2+ZPfnthgt9gLPY4lWPTYbBWJhE=",
        "owner": "ethereum",
        "repo": "evmc",
        "rev": "fc86231960348790bbee8254a809bf1f9d7c8517",
        "type": "github"
      },
      "original": {
        "owner": "ethereum",
        "repo": "evmc",
        "type": "github"
      }
    },
    "intx": {
      "flake": false,
      "locked": {
        "lastModified": 1704400684,
        "narHash": "sha256-XNpSO++FuG27Bgf5My9eJ/zrQlsWcGajfq4Y2UI2Kpk=",
        "owner": "chfast",
        "repo": "intx",
        "rev": "e0732242e36b3bb08cc8cc23445b2bee7c28b9d0",
        "type": "github"
      },
      "original": {
        "owner": "chfast",
        "repo": "intx",
        "type": "github"
      }
    },
    "nil_crypto3": {
      "inputs": {
        "nixpkgs": "nixpkgs"
      },
      "locked": {
        "lastModified": 1715869724,
        "narHash": "sha256-hiWKxchm26ZZWXwknc3pxgyEvjTahYn3pYkGkZk61bw=",
        "ref": "refs/heads/master",
        "rev": "f54d95b61bc1b19cd379800011fe8b39845560f7",
        "revCount": 717,
        "submodules": true,
        "type": "git",
        "url": "https://github.com/NilFoundation/crypto3"
      },
      "original": {
        "submodules": true,
        "type": "git",
        "url": "https://github.com/NilFoundation/crypto3"
      }
    },
    "nil_crypto3_2": {
      "inputs": {
        "nixpkgs": "nixpkgs_2"
      },
      "locked": {
        "lastModified": 1712603294,
        "narHash": "sha256-0L7ir0E+jFv9dxmLV6Vxlf+st6BNaJrhRXyNCK3xPsY=",
        "ref": "refs/heads/master",
        "rev": "13909af052a998c92d2a6a96e0bcfd21156aed72",
        "revCount": 701,
        "submodules": true,
        "type": "git",
        "url": "https://github.com/NilFoundation/crypto3"
      },
      "original": {
        "submodules": true,
        "type": "git",
        "url": "https://github.com/NilFoundation/crypto3"
      }
    },
    "nil_zkllvm_blueprint": {
      "inputs": {
        "nil_crypto3": "nil_crypto3_2",
        "nixpkgs": "nixpkgs_3"
      },
      "locked": {
        "lastModified": 1715930228,
        "narHash": "sha256-IDY93PPnDg0GTwo/NmPM+uaKpbYcN1RW2pevug8jkC0=",
        "ref": "refs/heads/master",
        "rev": "ba5c1638ee5c222c7572cac511073cfc19b0a5ee",
        "revCount": 1210,
        "submodules": true,
        "type": "git",
        "url": "https://github.com/NilFoundation/zkllvm-blueprint"
      },
      "original": {
        "submodules": true,
        "type": "git",
        "url": "https://github.com/NilFoundation/zkllvm-blueprint"
      }
    },
    "nixpkgs": {
      "locked": {
        "lastModified": 1708831307,
        "narHash": "sha256-0iL/DuGjiUeck1zEaL+aIe2WvA3/cVhp/SlmTcOZXH4=",
        "owner": "NixOS",
        "repo": "nixpkgs",
        "rev": "5bf1cadb72ab4e77cb0b700dab76bcdaf88f706b",
        "type": "github"
      },
      "original": {
        "owner": "NixOS",
        "ref": "nixos-23.11",
        "repo": "nixpkgs",
        "type": "github"
      }
    },
    "nixpkgs_2": {
      "locked": {
        "lastModified": 1708831307,
        "narHash": "sha256-0iL/DuGjiUeck1zEaL+aIe2WvA3/cVhp/SlmTcOZXH4=",
        "owner": "NixOS",
        "repo": "nixpkgs",
        "rev": "5bf1cadb72ab4e77cb0b700dab76bcdaf88f706b",
        "type": "github"
      },
      "original": {
        "owner": "NixOS",
        "ref": "nixos-23.11",
        "repo": "nixpkgs",
        "type": "github"
      }
    },
    "nixpkgs_3": {
      "locked": {
        "lastModified": 1712741485,
        "narHash": "sha256-bCs0+MSTra80oXAsnM6Oq62WsirOIaijQ/BbUY59tR4=",
        "owner": "NixOS",
        "repo": "nixpkgs",
        "rev": "b2cf36f43f9ef2ded5711b30b1f393ac423d8f72",
        "type": "github"
      },
      "original": {
        "owner": "NixOS",
        "ref": "nixos-23.11",
        "repo": "nixpkgs",
        "type": "github"
      }
    },
    "nixpkgs_4": {
      "locked": {
        "lastModified": 1712741485,
        "narHash": "sha256-bCs0+MSTra80oXAsnM6Oq62WsirOIaijQ/BbUY59tR4=",
        "owner": "NixOS",
        "repo": "nixpkgs",
        "rev": "b2cf36f43f9ef2ded5711b30b1f393ac423d8f72",
        "type": "github"
      },
      "original": {
        "owner": "NixOS",
        "ref": "nixos-23.11",
        "repo": "nixpkgs",
        "type": "github"
      }
    },
    "root": {
      "inputs": {
        "evmc": "evmc",
        "intx": "intx",
        "nil_crypto3": "nil_crypto3",
        "nil_zkllvm_blueprint": "nil_zkllvm_blueprint",
        "nixpkgs": "nixpkgs_4"
      }
    }
  },
  "root": "root",
  "version": 7
}
